hash: 8e3fc849d8845b8c70db7231df311dca23d2a2e3cf1998e515976218fe6ca4a2
updated: 2016-10-07T11:33:17.744587642-07:00
imports:
- name: github.com/aws/aws-sdk-go
  version: 8f2725740345a0561fa09669f5f75f905404ef8b
  subpackages:
  - aws
  - aws/session
  - service/kinesis
  - service/ses
  - service/sns
  - aws/awserr
  - aws/credentials
  - aws/client
  - aws/corehandlers
  - aws/defaults
  - aws/request
  - private/endpoints
  - aws/awsutil
  - aws/client/metadata
  - private/protocol
  - private/protocol/jsonrpc
  - private/signer/v4
  - private/waiter
  - private/protocol/query
  - aws/credentials/ec2rolecreds
  - aws/ec2metadata
  - private/protocol/json/jsonutil
  - private/protocol/rest
  - private/protocol/query/queryutil
  - private/protocol/xml/xmlutil
- name: github.com/beorn7/perks
  version: 3ac7bf7a47d159a033b107610db8a1b6575507a4
  subpackages:
  - quantile
- name: github.com/codahale/hdrhistogram
  version: f8ad88b59a584afeee9d334eff879b104439117b
- name: github.com/davecgh/go-spew
  version: 5215b55f46b2b919f50a1df0eaa5886afe4e3b3d
  subpackages:
  - spew
- name: github.com/dgrijalva/jwt-go
  version: c04502f106d7c5b3fae17c5da49a1bbdd3006b3c
- name: github.com/go-ini/ini
  version: a2610b3a793cfa7fdf0b07038068af5ddc12aba1
- name: github.com/go-kit/kit
  version: e4115e066d8411a6f1128caa2d77f0103307c1bf
  subpackages:
  - endpoint
  - log
  - metrics
  - metrics/expvar
  - metrics/prometheus
  - transport/http
  - metrics/dogstatsd
  - util/conn
- name: github.com/go-logfmt/logfmt
  version: d4327190ff838312623b09bfeb50d7c93c8d9c1d
- name: github.com/go-stack/stack
  version: 100eb0c0a9c5b306ca2fb4f165df21d80ada4b82
- name: github.com/golang/protobuf
  version: 3b06fc7a4cad73efce5fe6217ab6c33e7231ab4a
  subpackages:
  - proto
- name: github.com/gorilla/context
  version: aed02d124ae4a0e94fea4541c8effd05bf0c8296
- name: github.com/gorilla/handlers
  version: a5775781a543af3c6b9f5baf10995e4d14168950
- name: github.com/gorilla/mux
  version: 9fa818a44c2bf1396a17f9d5a3c0f6dd39d2ff8e
- name: github.com/jmespath/go-jmespath
  version: bd40a432e4c76585ef6b72d3fd96fb9b6dc7b68d
- name: github.com/jmoiron/sqlx
  version: bdae0c3219c3bdb92f3d7c70825018712787c933
  subpackages:
  - reflectx
- name: github.com/johnnadratowski/golang-neo4j-bolt-driver
  version: d207d9de78257d73d02225609fd661873f5c966a
  subpackages:
  - encoding
  - errors
  - log
  - structures/graph
  - structures/messages
  - structures
- name: github.com/kelseyhightower/envconfig
  version: 91921eb4cf999321cdbeebdba5a03555800d493b
- name: github.com/kr/logfmt
  version: b84e30acd515aadc4b783ad4ff83aff3299bdfe0
- name: github.com/matttproud/golang_protobuf_extensions
  version: c12348ce28de40eed0136aa2b644d0ee0650e56c
  subpackages:
  - pbutil
- name: github.com/newrelic/go-agent
  version: 32a6da2f59d59ace7baeb67451c6695f5524a39d
  subpackages:
  - api
  - api/datastore
  - internal
  - api/attributes
  - internal/jsonx
  - internal/utilization
  - log
  - version
  - internal/sysinfo
- name: github.com/njern/gonexmo
  version: 1a398efc044cc721e8ef88dc67f36989507599db
- name: github.com/pmezard/go-difflib
  version: d8ed2627bdf02c080bf22230dbb337003b7aba2d
  subpackages:
  - difflib
- name: github.com/prometheus/client_golang
  version: 488edd04dc224ba64c401747cd0a4b5f05dfb234
  subpackages:
  - prometheus
- name: github.com/prometheus/client_model
  version: fa8ad6fec33561be4280a8f0514318c79d7f6cb6
  subpackages:
  - go
- name: github.com/prometheus/common
  version: 3a184ff7dfd46b9091030bf2e56c71112b0ddb0e
  subpackages:
  - expfmt
  - internal/bitbucket.org/ww/goautoneg
  - model
- name: github.com/prometheus/procfs
  version: abf152e5f3e97f2fafac028d2cc06c1feb87ffa5
- name: github.com/PuerkitoBio/rehttp
  version: 0e4cdf8b3b9956274b1b08f0758d429f14d24118
- name: github.com/pusher/pusher-http-go
  version: 2bba5f217f6f0f4f0c0a9bb11b945b206b32bec5
- name: github.com/smartystreets/go-aws-auth
  version: 2043e6d0bb7e4c18464a7bba562acbe482e3cabd
- name: github.com/stretchr/testify
  version: 8d64eb7173c7753d6419fd4a9caf057398611364
  subpackages:
  - assert
- name: github.com/tylerb/graceful
  version: ecde8c8f16df93a994dda8936c8f60f0c26c28ab
- name: golang.org/x/net
  version: 154d9f9ea81208afed560f4cf27b4860c8ed1904
  subpackages:
  - context
  - context/ctxhttp
  - netutil
- name: gopkg.in/bsm/ratelimit.v1
  version: db14e161995a5177acef654cb0dd785e8ee8bc22
- name: gopkg.in/ibrt/go-xerror.v2
  version: 9d39aa23da7ceafa91c2a10d68e87e515d3049d8
  subpackages:
  - xerror
- name: gopkg.in/olivere/elastic.v2
  version: 4ca0a93672aab0aacb92e0ed205bdf1d3a81f9ed
  subpackages:
  - backoff
  - uritemplates
- name: gopkg.in/redis.v3
  version: a905127dc89ca51a241eacf70757a40423ab93d0
  subpackages:
  - internal
  - internal/consistenthash
  - internal/hashtag
  - internal/pool
devImports: []
